{
  "requires": true,
  "lockfileVersion": 1,
  "dependencies": {
    "vue-router": {
      "version": "4.0.0-rc.1",
      "resolved": "https://registry.npm.taobao.org/vue-router/download/vue-router-4.0.0-rc.1.tgz?cache=0&sync_timestamp=1603710629657&other_urls=https%3A%2F%2Fregistry.npm.taobao.org%2Fvue-router%2Fdownload%2Fvue-router-4.0.0-rc.1.tgz",
      "integrity": "sha1-QvQTFYSRY6EkOIbJqm18FPJP0AM="
    },
    "vuex": {
      "version": "4.0.0-rc.1",
      "resolved": "https://registry.npm.taobao.org/vuex/download/vuex-4.0.0-rc.1.tgz?cache=0&sync_timestamp=1604065590313&other_urls=https%3A%2F%2Fregistry.npm.taobao.org%2Fvuex%2Fdownload%2Fvuex-4.0.0-rc.1.tgz",
      "integrity": "sha1-FgzVlXlyphx8AatYWZW3jgkqKY0="
    }
  }
}
